
Microsoft Visual Studio Solution File, Format Version 12.00
# Visual Studio Version 16
VisualStudioVersion = 16.0.30413.136
MinimumVisualStudioVersion = 10.0.40219.1
Project("{FAE04EC0-301F-11D3-BF4B-00C04F79EFBC}") = "Vann", "Vann\Vann.csproj", "{79F97D04-CCF9-4B6E-8D82-BD2921D01292}"
EndProject
Global
	GlobalSection(SolutionConfigurationPlatforms) = preSolution
		Debug|Any CPU = Debug|Any CPU
		Release|Any CPU = Release|Any CPU
	EndGlobalSection
	GlobalSection(ProjectConfigurationPlatforms) = postSolution
		{79F97D04-CCF9-4B6E-8D82-BD2921D01292}.Debug|Any CPU.ActiveCfg = Debug|Any CPU
		{79F97D04-CCF9-4B6E-8D82-BD2921D01292}.Debug|Any CPU.Build.0 = Debug|Any CPU
		{79F97D04-CCF9-4B6E-8D82-BD2921D01292}.Release|Any CPU.ActiveCfg = Release|Any CPU
		{79F97D04-CCF9-4B6E-8D82-BD2921D01292}.Release|Any CPU.Build.0 = Release|Any CPU
	EndGlobalSection
	GlobalSection(SolutionProperties) = preSolution
		HideSolutionNode = FALSE
	EndGlobalSection
	GlobalSection(ExtensibilityGlobals) = postSolution
		SolutionGuid = {28465EF5-89F4-4249-AF21-17C2C4EB3B9E}
	EndGlobalSection
EndGlobal
